
Microsoft Visual Studio Solution File, Format Version 12.00
# Visual Studio Version 17
VisualStudioVersion = 17.6.33829.357
MinimumVisualStudioVersion = 10.0.40219.1
Project("{FAE04EC0-301F-11D3-BF4B-00C04F79EFBC}") = "ConsoleApp1", "ConsoleApp1\ConsoleApp1.csproj", "{8AE904E9-9F26-4559-B10E-216E5EC45369}"
EndProject
Global
	GlobalSection(SolutionConfigurationPlatforms) = preSolution
		Debug|Any CPU = Debug|Any CPU
		Release|Any CPU = Release|Any CPU
	EndGlobalSection
	GlobalSection(ProjectConfigurationPlatforms) = postSolution
		{8AE904E9-9F26-4559-B10E-216E5EC45369}.Debug|Any CPU.ActiveCfg = Debug|Any CPU
		{8AE904E9-9F26-4559-B10E-216E5EC45369}.Debug|Any CPU.Build.0 = Debug|Any CPU
		{8AE904E9-9F26-4559-B10E-216E5EC45369}.Release|Any CPU.ActiveCfg = Release|Any CPU
		{8AE904E9-9F26-4559-B10E-216E5EC45369}.Release|Any CPU.Build.0 = Release|Any CPU
	EndGlobalSection
	GlobalSection(SolutionProperties) = preSolution
		HideSolutionNode = FALSE
	EndGlobalSection
	GlobalSection(ExtensibilityGlobals) = postSolution
		SolutionGuid = {7DC27831-9E3F-4AB5-BB64-DA0C4A64BD41}
	EndGlobalSection
EndGlobal
